
Microsoft Visual Studio Solution File, Format Version 12.00
# Visual Studio 15
Project("{FAE04EC0-301F-11D3-BF4B-00C04F79EFBC}") = "Unity.Timeline", "Unity.Timeline.csproj", "{3E473412-0B84-B9BC-D899-11C5DE706B11}"
EndProject
Project("{FAE04EC0-301F-11D3-BF4B-00C04F79EFBC}") = "Unity.Timeline.Editor", "Unity.Timeline.Editor.csproj", "{B6E3AA42-EC96-4AC5-7DEE-0E8779B742B1}"
EndProject
Project("{FAE04EC0-301F-11D3-BF4B-00C04F79EFBC}") = "Unity.TextMeshPro.Editor", "Unity.TextMeshPro.Editor.csproj", "{8AB2D998-A57A-1578-71F0-C02EC2461DCB}"
EndProject
Project("{FAE04EC0-301F-11D3-BF4B-00C04F79EFBC}") = "Unity.VisualScripting.Flow", "Unity.VisualScripting.Flow.csproj", "{7C6490E0-A832-BF94-96FE-28288582CFCF}"
EndProject
Project("{FAE04EC0-301F-11D3-BF4B-00C04F79EFBC}") = "UnityEditor.UI", "UnityEditor.UI.csproj", "{08E0F210-C6E4-472B-B1F3-E2D95BF62A74}"
EndProject
Project("{FAE04EC0-301F-11D3-BF4B-00C04F79EFBC}") = "Unity.PlasticSCM.Editor", "Unity.PlasticSCM.Editor.csproj", "{681D0851-62CA-71A0-C1F2-938A5852BE48}"
EndProject
Project("{FAE04EC0-301F-11D3-BF4B-00C04F79EFBC}") = "Unity.VisualScripting.Core", "Unity.VisualScripting.Core.csproj", "{A42B9274-45FE-A2C4-1CB7-5AC3C1BC0761}"
EndProject
Project("{FAE04EC0-301F-11D3-BF4B-00C04F79EFBC}") = "Cinemachine", "Cinemachine.csproj", "{29914F5B-3018-C554-3F81-99963BEFCABC}"
EndProject
Project("{FAE04EC0-301F-11D3-BF4B-00C04F79EFBC}") = "Unity.Sequences.Editor", "Unity.Sequences.Editor.csproj", "{6B931BA9-A391-27EC-13CF-D8BAC03372BF}"
EndProject
Project("{FAE04EC0-301F-11D3-BF4B-00C04F79EFBC}") = "Unity.VisualScripting.Core.Editor", "Unity.VisualScripting.Core.Editor.csproj", "{B5D1A80E-85B8-8198-3172-0B623071C0F4}"
EndProject
Project("{FAE04EC0-301F-11D3-BF4B-00C04F79EFBC}") = "Unity.Formats.Alembic.Editor", "Unity.Formats.Alembic.Editor.csproj", "{66D564C1-3C56-ED8B-F8C0-24423CA2964B}"
EndProject
Project("{FAE04EC0-301F-11D3-BF4B-00C04F79EFBC}") = "Unity.VisualScripting.Flow.Editor", "Unity.VisualScripting.Flow.Editor.csproj", "{48560B10-1702-ED1D-B794-6BEE699A63FC}"
EndProject
Project("{FAE04EC0-301F-11D3-BF4B-00C04F79EFBC}") = "UnityEditor.TestRunner", "UnityEditor.TestRunner.csproj", "{1FC98BA1-7C0B-3F6A-47A5-57E7350D30CF}"
EndProject
Project("{FAE04EC0-301F-11D3-BF4B-00C04F79EFBC}") = "Autodesk.Fbx", "Autodesk.Fbx.csproj", "{C5B2D873-23D5-8894-60DB-00E6B7CDE950}"
EndProject
Project("{FAE04EC0-301F-11D3-BF4B-00C04F79EFBC}") = "Unity.VisualScripting.SettingsProvider.Editor", "Unity.VisualScripting.SettingsProvider.Editor.csproj", "{15300A39-5463-2C74-BFE7-E83DE70C05AF}"
EndProject
Project("{FAE04EC0-301F-11D3-BF4B-00C04F79EFBC}") = "UnityEngine.TestRunner", "UnityEngine.TestRunner.csproj", "{46FA3922-9C08-97A2-0F58-91FEA7741E8F}"
EndProject
Project("{FAE04EC0-301F-11D3-BF4B-00C04F79EFBC}") = "Unity.Recorder.Editor", "Unity.Recorder.Editor.csproj", "{E01F82E6-94F8-DCAB-30AE-4F3B9F24B5FC}"
EndProject
Project("{FAE04EC0-301F-11D3-BF4B-00C04F79EFBC}") = "Assembly-CSharp", "Assembly-CSharp.csproj", "{1A585050-E08B-1A91-CA19-01D7FF9868BF}"
EndProject
Project("{FAE04EC0-301F-11D3-BF4B-00C04F79EFBC}") = "UnityEngine.UI", "UnityEngine.UI.csproj", "{07DA9E26-45C8-252A-929B-323085CBB80F}"
EndProject
Project("{FAE04EC0-301F-11D3-BF4B-00C04F79EFBC}") = "Unity.VisualStudio.Editor", "Unity.VisualStudio.Editor.csproj", "{DE309AD1-BC2B-DC9A-421E-7AEC445C776B}"
EndProject
Project("{FAE04EC0-301F-11D3-BF4B-00C04F79EFBC}") = "com.unity.cinemachine.editor", "com.unity.cinemachine.editor.csproj", "{7BCFCDAD-CD2F-B990-A52C-37680A9E3DD5}"
EndProject
Project("{FAE04EC0-301F-11D3-BF4B-00C04F79EFBC}") = "Unity.Sequences", "Unity.Sequences.csproj", "{04E4D45B-9DDA-DD92-0899-87A6F2E11F60}"
EndProject
Project("{FAE04EC0-301F-11D3-BF4B-00C04F79EFBC}") = "Unity.TestTools.CodeCoverage.Editor.OpenCover.Model", "Unity.TestTools.CodeCoverage.Editor.OpenCover.Model.csproj", "{2745F3F1-F74B-3E04-2A2E-FF816BC2870C}"
EndProject
Project("{FAE04EC0-301F-11D3-BF4B-00C04F79EFBC}") = "Unity.Rider.Editor", "Unity.Rider.Editor.csproj", "{C14DF925-B9BE-2F8C-8A3E-345AECD9B2C7}"
EndProject
Project("{FAE04EC0-301F-11D3-BF4B-00C04F79EFBC}") = "Unity.Formats.Alembic.Runtime", "Unity.Formats.Alembic.Runtime.csproj", "{FF300D12-3025-2B2B-BDED-CD4BF06F6974}"
EndProject
Project("{FAE04EC0-301F-11D3-BF4B-00C04F79EFBC}") = "Unity.VisualScripting.State.Editor", "Unity.VisualScripting.State.Editor.csproj", "{45ECF329-3C69-6292-71C6-515903141BC2}"
EndProject
Project("{FAE04EC0-301F-11D3-BF4B-00C04F79EFBC}") = "Unity.Formats.Fbx.Editor", "Unity.Formats.Fbx.Editor.csproj", "{67742471-4DC6-FD5B-09FD-47AC48522FEF}"
EndProject
Project("{FAE04EC0-301F-11D3-BF4B-00C04F79EFBC}") = "Unity.TestTools.CodeCoverage.Editor", "Unity.TestTools.CodeCoverage.Editor.csproj", "{821881C0-A53B-2540-A9AE-D1B31A20A219}"
EndProject
Project("{FAE04EC0-301F-11D3-BF4B-00C04F79EFBC}") = "Unity.VisualScripting.State", "Unity.VisualScripting.State.csproj", "{01025801-A137-77CA-31B4-48D098D6F4EA}"
EndProject
Project("{FAE04EC0-301F-11D3-BF4B-00C04F79EFBC}") = "Unity.Formats.Fbx.Runtime", "Unity.Formats.Fbx.Runtime.csproj", "{98D28A97-E2BA-D177-F679-49EA44705B3D}"
EndProject
Project("{FAE04EC0-301F-11D3-BF4B-00C04F79EFBC}") = "Unity.TextMeshPro", "Unity.TextMeshPro.csproj", "{94F21A93-A5DE-3FDF-D680-78DDD8B8AD55}"
EndProject
Project("{FAE04EC0-301F-11D3-BF4B-00C04F79EFBC}") = "Unity.Performance.Profile-Analyzer.Editor", "Unity.Performance.Profile-Analyzer.Editor.csproj", "{FEDCCBBC-9B90-C9F5-C721-CF29A7A52092}"
EndProject
Project("{FAE04EC0-301F-11D3-BF4B-00C04F79EFBC}") = "Unity.VSCode.Editor", "Unity.VSCode.Editor.csproj", "{A57CEF19-66D7-9E89-24A7-C3D767DBA2E0}"
EndProject
Project("{FAE04EC0-301F-11D3-BF4B-00C04F79EFBC}") = "Unity.TestTools.CodeCoverage.Editor.OpenCover.Mono.Reflection", "Unity.TestTools.CodeCoverage.Editor.OpenCover.Mono.Reflection.csproj", "{DF35B8D0-66D2-53BA-D776-CCE23A8E8934}"
EndProject
Project("{FAE04EC0-301F-11D3-BF4B-00C04F79EFBC}") = "Unity.Settings.Editor", "Unity.Settings.Editor.csproj", "{053AE34B-EE71-17AE-A8CA-3BFF59E7DAAD}"
EndProject
Project("{FAE04EC0-301F-11D3-BF4B-00C04F79EFBC}") = "Unity.Recorder", "Unity.Recorder.csproj", "{37FCA0A1-35DD-816B-F6BF-34060112CDC7}"
EndProject
Project("{FAE04EC0-301F-11D3-BF4B-00C04F79EFBC}") = "Unity.EditorCoroutines.Editor", "Unity.EditorCoroutines.Editor.csproj", "{65EA4A88-0D47-45C0-610B-24CEDEF4B8FA}"
EndProject
Project("{FAE04EC0-301F-11D3-BF4B-00C04F79EFBC}") = "Unity.VisualScripting.Shared.Editor", "Unity.VisualScripting.Shared.Editor.csproj", "{7C0796F8-FD3D-EEAE-760D-F3E6118C3BCE}"
EndProject
Project("{FAE04EC0-301F-11D3-BF4B-00C04F79EFBC}") = "Unity.Recorder.Base", "Unity.Recorder.Base.csproj", "{BAAB3495-DCF9-CFE0-3CE6-5CDF89B932D4}"
EndProject
Project("{FAE04EC0-301F-11D3-BF4B-00C04F79EFBC}") = "Unity.CollabProxy.Editor", "Unity.CollabProxy.Editor.csproj", "{A7A8A59C-7ED0-892D-495D-F6DC74A07A51}"
EndProject
Project("{FAE04EC0-301F-11D3-BF4B-00C04F79EFBC}") = "Autodesk.Fbx.Editor", "Autodesk.Fbx.Editor.csproj", "{949CB907-08D6-4526-6923-13FBF1E0FFAE}"
EndProject
Project("{FAE04EC0-301F-11D3-BF4B-00C04F79EFBC}") = "FbxBuildTestAssets", "FbxBuildTestAssets.csproj", "{0B725203-3F39-28D9-0F2B-315A284DB876}"
EndProject
Global
	GlobalSection(SolutionConfigurationPlatforms) = preSolution
		Debug|Any CPU = Debug|Any CPU
		Release|Any CPU = Release|Any CPU
	EndGlobalSection
	GlobalSection(ProjectConfigurationPlatforms) = postSolution
		{3E473412-0B84-B9BC-D899-11C5DE706B11}.Debug|Any CPU.ActiveCfg = Debug|Any CPU
		{3E473412-0B84-B9BC-D899-11C5DE706B11}.Debug|Any CPU.Build.0 = Debug|Any CPU
		{3E473412-0B84-B9BC-D899-11C5DE706B11}.Release|Any CPU.ActiveCfg = Release|Any CPU
		{3E473412-0B84-B9BC-D899-11C5DE706B11}.Release|Any CPU.Build.0 = Release|Any CPU
		{B6E3AA42-EC96-4AC5-7DEE-0E8779B742B1}.Debug|Any CPU.ActiveCfg = Debug|Any CPU
		{B6E3AA42-EC96-4AC5-7DEE-0E8779B742B1}.Debug|Any CPU.Build.0 = Debug|Any CPU
		{B6E3AA42-EC96-4AC5-7DEE-0E8779B742B1}.Release|Any CPU.ActiveCfg = Release|Any CPU
		{B6E3AA42-EC96-4AC5-7DEE-0E8779B742B1}.Release|Any CPU.Build.0 = Release|Any CPU
		{8AB2D998-A57A-1578-71F0-C02EC2461DCB}.Debug|Any CPU.ActiveCfg = Debug|Any CPU
		{8AB2D998-A57A-1578-71F0-C02EC2461DCB}.Debug|Any CPU.Build.0 = Debug|Any CPU
		{8AB2D998-A57A-1578-71F0-C02EC2461DCB}.Release|Any CPU.ActiveCfg = Release|Any CPU
		{8AB2D998-A57A-1578-71F0-C02EC2461DCB}.Release|Any CPU.Build.0 = Release|Any CPU
		{7C6490E0-A832-BF94-96FE-28288582CFCF}.Debug|Any CPU.ActiveCfg = Debug|Any CPU
		{7C6490E0-A832-BF94-96FE-28288582CFCF}.Debug|Any CPU.Build.0 = Debug|Any CPU
		{7C6490E0-A832-BF94-96FE-28288582CFCF}.Release|Any CPU.ActiveCfg = Release|Any CPU
		{7C6490E0-A832-BF94-96FE-28288582CFCF}.Release|Any CPU.Build.0 = Release|Any CPU
		{08E0F210-C6E4-472B-B1F3-E2D95BF62A74}.Debug|Any CPU.ActiveCfg = Debug|Any CPU
		{08E0F210-C6E4-472B-B1F3-E2D95BF62A74}.Debug|Any CPU.Build.0 = Debug|Any CPU
		{08E0F210-C6E4-472B-B1F3-E2D95BF62A74}.Release|Any CPU.ActiveCfg = Release|Any CPU
		{08E0F210-C6E4-472B-B1F3-E2D95BF62A74}.Release|Any CPU.Build.0 = Release|Any CPU
		{681D0851-62CA-71A0-C1F2-938A5852BE48}.Debug|Any CPU.ActiveCfg = Debug|Any CPU
		{681D0851-62CA-71A0-C1F2-938A5852BE48}.Debug|Any CPU.Build.0 = Debug|Any CPU
		{681D0851-62CA-71A0-C1F2-938A5852BE48}.Release|Any CPU.ActiveCfg = Release|Any CPU
		{681D0851-62CA-71A0-C1F2-938A5852BE48}.Release|Any CPU.Build.0 = Release|Any CPU
		{A42B9274-45FE-A2C4-1CB7-5AC3C1BC0761}.Debug|Any CPU.ActiveCfg = Debug|Any CPU
		{A42B9274-45FE-A2C4-1CB7-5AC3C1BC0761}.Debug|Any CPU.Build.0 = Debug|Any CPU
		{A42B9274-45FE-A2C4-1CB7-5AC3C1BC0761}.Release|Any CPU.ActiveCfg = Release|Any CPU
		{A42B9274-45FE-A2C4-1CB7-5AC3C1BC0761}.Release|Any CPU.Build.0 = Release|Any CPU
		{29914F5B-3018-C554-3F81-99963BEFCABC}.Debug|Any CPU.ActiveCfg = Debug|Any CPU
		{29914F5B-3018-C554-3F81-99963BEFCABC}.Debug|Any CPU.Build.0 = Debug|Any CPU
		{29914F5B-3018-C554-3F81-99963BEFCABC}.Release|Any CPU.ActiveCfg = Release|Any CPU
		{29914F5B-3018-C554-3F81-99963BEFCABC}.Release|Any CPU.Build.0 = Release|Any CPU
		{6B931BA9-A391-27EC-13CF-D8BAC03372BF}.Debug|Any CPU.ActiveCfg = Debug|Any CPU
		{6B931BA9-A391-27EC-13CF-D8BAC03372BF}.Debug|Any CPU.Build.0 = Debug|Any CPU
		{6B931BA9-A391-27EC-13CF-D8BAC03372BF}.Release|Any CPU.ActiveCfg = Release|Any CPU
		{6B931BA9-A391-27EC-13CF-D8BAC03372BF}.Release|Any CPU.Build.0 = Release|Any CPU
		{B5D1A80E-85B8-8198-3172-0B623071C0F4}.Debug|Any CPU.ActiveCfg = Debug|Any CPU
		{B5D1A80E-85B8-8198-3172-0B623071C0F4}.Debug|Any CPU.Build.0 = Debug|Any CPU
		{B5D1A80E-85B8-8198-3172-0B623071C0F4}.Release|Any CPU.ActiveCfg = Release|Any CPU
		{B5D1A80E-85B8-8198-3172-0B623071C0F4}.Release|Any CPU.Build.0 = Release|Any CPU
		{66D564C1-3C56-ED8B-F8C0-24423CA2964B}.Debug|Any CPU.ActiveCfg = Debug|Any CPU
		{66D564C1-3C56-ED8B-F8C0-24423CA2964B}.Debug|Any CPU.Build.0 = Debug|Any CPU
		{66D564C1-3C56-ED8B-F8C0-24423CA2964B}.Release|Any CPU.ActiveCfg = Release|Any CPU
		{66D564C1-3C56-ED8B-F8C0-24423CA2964B}.Release|Any CPU.Build.0 = Release|Any CPU
		{48560B10-1702-ED1D-B794-6BEE699A63FC}.Debug|Any CPU.ActiveCfg = Debug|Any CPU
		{48560B10-1702-ED1D-B794-6BEE699A63FC}.Debug|Any CPU.Build.0 = Debug|Any CPU
		{48560B10-1702-ED1D-B794-6BEE699A63FC}.Release|Any CPU.ActiveCfg = Release|Any CPU
		{48560B10-1702-ED1D-B794-6BEE699A63FC}.Release|Any CPU.Build.0 = Release|Any CPU
		{1FC98BA1-7C0B-3F6A-47A5-57E7350D30CF}.Debug|Any CPU.ActiveCfg = Debug|Any CPU
		{1FC98BA1-7C0B-3F6A-47A5-57E7350D30CF}.Debug|Any CPU.Build.0 = Debug|Any CPU
		{1FC98BA1-7C0B-3F6A-47A5-57E7350D30CF}.Release|Any CPU.ActiveCfg = Release|Any CPU
		{1FC98BA1-7C0B-3F6A-47A5-57E7350D30CF}.Release|Any CPU.Build.0 = Release|Any CPU
		{C5B2D873-23D5-8894-60DB-00E6B7CDE950}.Debug|Any CPU.ActiveCfg = Debug|Any CPU
		{C5B2D873-23D5-8894-60DB-00E6B7CDE950}.Debug|Any CPU.Build.0 = Debug|Any CPU
		{C5B2D873-23D5-8894-60DB-00E6B7CDE950}.Release|Any CPU.ActiveCfg = Release|Any CPU
		{C5B2D873-23D5-8894-60DB-00E6B7CDE950}.Release|Any CPU.Build.0 = Release|Any CPU
		{15300A39-5463-2C74-BFE7-E83DE70C05AF}.Debug|Any CPU.ActiveCfg = Debug|Any CPU
		{15300A39-5463-2C74-BFE7-E83DE70C05AF}.Debug|Any CPU.Build.0 = Debug|Any CPU
		{15300A39-5463-2C74-BFE7-E83DE70C05AF}.Release|Any CPU.ActiveCfg = Release|Any CPU
		{15300A39-5463-2C74-BFE7-E83DE70C05AF}.Release|Any CPU.Build.0 = Release|Any CPU
		{46FA3922-9C08-97A2-0F58-91FEA7741E8F}.Debug|Any CPU.ActiveCfg = Debug|Any CPU
		{46FA3922-9C08-97A2-0F58-91FEA7741E8F}.Debug|Any CPU.Build.0 = Debug|Any CPU
		{46FA3922-9C08-97A2-0F58-91FEA7741E8F}.Release|Any CPU.ActiveCfg = Release|Any CPU
		{46FA3922-9C08-97A2-0F58-91FEA7741E8F}.Release|Any CPU.Build.0 = Release|Any CPU
		{E01F82E6-94F8-DCAB-30AE-4F3B9F24B5FC}.Debug|Any CPU.ActiveCfg = Debug|Any CPU
		{E01F82E6-94F8-DCAB-30AE-4F3B9F24B5FC}.Debug|Any CPU.Build.0 = Debug|Any CPU
		{E01F82E6-94F8-DCAB-30AE-4F3B9F24B5FC}.Release|Any CPU.ActiveCfg = Release|Any CPU
		{E01F82E6-94F8-DCAB-30AE-4F3B9F24B5FC}.Release|Any CPU.Build.0 = Release|Any CPU
		{1A585050-E08B-1A91-CA19-01D7FF9868BF}.Debug|Any CPU.ActiveCfg = Debug|Any CPU
		{1A585050-E08B-1A91-CA19-01D7FF9868BF}.Debug|Any CPU.Build.0 = Debug|Any CPU
		{1A585050-E08B-1A91-CA19-01D7FF9868BF}.Release|Any CPU.ActiveCfg = Release|Any CPU
		{1A585050-E08B-1A91-CA19-01D7FF9868BF}.Release|Any CPU.Build.0 = Release|Any CPU
		{07DA9E26-45C8-252A-929B-323085CBB80F}.Debug|Any CPU.ActiveCfg = Debug|Any CPU
		{07DA9E26-45C8-252A-929B-323085CBB80F}.Debug|Any CPU.Build.0 = Debug|Any CPU
		{07DA9E26-45C8-252A-929B-323085CBB80F}.Release|Any CPU.ActiveCfg = Release|Any CPU
		{07DA9E26-45C8-252A-929B-323085CBB80F}.Release|Any CPU.Build.0 = Release|Any CPU
		{DE309AD1-BC2B-DC9A-421E-7AEC445C776B}.Debug|Any CPU.ActiveCfg = Debug|Any CPU
		{DE309AD1-BC2B-DC9A-421E-7AEC445C776B}.Debug|Any CPU.Build.0 = Debug|Any CPU
		{DE309AD1-BC2B-DC9A-421E-7AEC445C776B}.Release|Any CPU.ActiveCfg = Release|Any CPU
		{DE309AD1-BC2B-DC9A-421E-7AEC445C776B}.Release|Any CPU.Build.0 = Release|Any CPU
		{7BCFCDAD-CD2F-B990-A52C-37680A9E3DD5}.Debug|Any CPU.ActiveCfg = Debug|Any CPU
		{7BCFCDAD-CD2F-B990-A52C-37680A9E3DD5}.Debug|Any CPU.Build.0 = Debug|Any CPU
		{7BCFCDAD-CD2F-B990-A52C-37680A9E3DD5}.Release|Any CPU.ActiveCfg = Release|Any CPU
		{7BCFCDAD-CD2F-B990-A52C-37680A9E3DD5}.Release|Any CPU.Build.0 = Release|Any CPU
		{04E4D45B-9DDA-DD92-0899-87A6F2E11F60}.Debug|Any CPU.ActiveCfg = Debug|Any CPU
		{04E4D45B-9DDA-DD92-0899-87A6F2E11F60}.Debug|Any CPU.Build.0 = Debug|Any CPU
		{04E4D45B-9DDA-DD92-0899-87A6F2E11F60}.Release|Any CPU.ActiveCfg = Release|Any CPU
		{04E4D45B-9DDA-DD92-0899-87A6F2E11F60}.Release|Any CPU.Build.0 = Release|Any CPU
		{2745F3F1-F74B-3E04-2A2E-FF816BC2870C}.Debug|Any CPU.ActiveCfg = Debug|Any CPU
		{2745F3F1-F74B-3E04-2A2E-FF816BC2870C}.Debug|Any CPU.Build.0 = Debug|Any CPU
		{2745F3F1-F74B-3E04-2A2E-FF816BC2870C}.Release|Any CPU.ActiveCfg = Release|Any CPU
		{2745F3F1-F74B-3E04-2A2E-FF816BC2870C}.Release|Any CPU.Build.0 = Release|Any CPU
		{C14DF925-B9BE-2F8C-8A3E-345AECD9B2C7}.Debug|Any CPU.ActiveCfg = Debug|Any CPU
		{C14DF925-B9BE-2F8C-8A3E-345AECD9B2C7}.Debug|Any CPU.Build.0 = Debug|Any CPU
		{C14DF925-B9BE-2F8C-8A3E-345AECD9B2C7}.Release|Any CPU.ActiveCfg = Release|Any CPU
		{C14DF925-B9BE-2F8C-8A3E-345AECD9B2C7}.Release|Any CPU.Build.0 = Release|Any CPU
		{FF300D12-3025-2B2B-BDED-CD4BF06F6974}.Debug|Any CPU.ActiveCfg = Debug|Any CPU
		{FF300D12-3025-2B2B-BDED-CD4BF06F6974}.Debug|Any CPU.Build.0 = Debug|Any CPU
		{FF300D12-3025-2B2B-BDED-CD4BF06F6974}.Release|Any CPU.ActiveCfg = Release|Any CPU
		{FF300D12-3025-2B2B-BDED-CD4BF06F6974}.Release|Any CPU.Build.0 = Release|Any CPU
		{45ECF329-3C69-6292-71C6-515903141BC2}.Debug|Any CPU.ActiveCfg = Debug|Any CPU
		{45ECF329-3C69-6292-71C6-515903141BC2}.Debug|Any CPU.Build.0 = Debug|Any CPU
		{45ECF329-3C69-6292-71C6-515903141BC2}.Release|Any CPU.ActiveCfg = Release|Any CPU
		{45ECF329-3C69-6292-71C6-515903141BC2}.Release|Any CPU.Build.0 = Release|Any CPU
		{67742471-4DC6-FD5B-09FD-47AC48522FEF}.Debug|Any CPU.ActiveCfg = Debug|Any CPU
		{67742471-4DC6-FD5B-09FD-47AC48522FEF}.Debug|Any CPU.Build.0 = Debug|Any CPU
		{67742471-4DC6-FD5B-09FD-47AC48522FEF}.Release|Any CPU.ActiveCfg = Release|Any CPU
		{67742471-4DC6-FD5B-09FD-47AC48522FEF}.Release|Any CPU.Build.0 = Release|Any CPU
		{821881C0-A53B-2540-A9AE-D1B31A20A219}.Debug|Any CPU.ActiveCfg = Debug|Any CPU
		{821881C0-A53B-2540-A9AE-D1B31A20A219}.Debug|Any CPU.Build.0 = Debug|Any CPU
		{821881C0-A53B-2540-A9AE-D1B31A20A219}.Release|Any CPU.ActiveCfg = Release|Any CPU
		{821881C0-A53B-2540-A9AE-D1B31A20A219}.Release|Any CPU.Build.0 = Release|Any CPU
		{01025801-A137-77CA-31B4-48D098D6F4EA}.Debug|Any CPU.ActiveCfg = Debug|Any CPU
		{01025801-A137-77CA-31B4-48D098D6F4EA}.Debug|Any CPU.Build.0 = Debug|Any CPU
		{01025801-A137-77CA-31B4-48D098D6F4EA}.Release|Any CPU.ActiveCfg = Release|Any CPU
		{01025801-A137-77CA-31B4-48D098D6F4EA}.Release|Any CPU.Build.0 = Release|Any CPU
		{98D28A97-E2BA-D177-F679-49EA44705B3D}.Debug|Any CPU.ActiveCfg = Debug|Any CPU
		{98D28A97-E2BA-D177-F679-49EA44705B3D}.Debug|Any CPU.Build.0 = Debug|Any CPU
		{98D28A97-E2BA-D177-F679-49EA44705B3D}.Release|Any CPU.ActiveCfg = Release|Any CPU
		{98D28A97-E2BA-D177-F679-49EA44705B3D}.Release|Any CPU.Build.0 = Release|Any CPU
		{94F21A93-A5DE-3FDF-D680-78DDD8B8AD55}.Debug|Any CPU.ActiveCfg = Debug|Any CPU
		{94F21A93-A5DE-3FDF-D680-78DDD8B8AD55}.Debug|Any CPU.Build.0 = Debug|Any CPU
		{94F21A93-A5DE-3FDF-D680-78DDD8B8AD55}.Release|Any CPU.ActiveCfg = Release|Any CPU
		{94F21A93-A5DE-3FDF-D680-78DDD8B8AD55}.Release|Any CPU.Build.0 = Release|Any CPU
		{FEDCCBBC-9B90-C9F5-C721-CF29A7A52092}.Debug|Any CPU.ActiveCfg = Debug|Any CPU
		{FEDCCBBC-9B90-C9F5-C721-CF29A7A52092}.Debug|Any CPU.Build.0 = Debug|Any CPU
		{FEDCCBBC-9B90-C9F5-C721-CF29A7A52092}.Release|Any CPU.ActiveCfg = Release|Any CPU
		{FEDCCBBC-9B90-C9F5-C721-CF29A7A52092}.Release|Any CPU.Build.0 = Release|Any CPU
		{A57CEF19-66D7-9E89-24A7-C3D767DBA2E0}.Debug|Any CPU.ActiveCfg = Debug|Any CPU
		{A57CEF19-66D7-9E89-24A7-C3D767DBA2E0}.Debug|Any CPU.Build.0 = Debug|Any CPU
		{A57CEF19-66D7-9E89-24A7-C3D767DBA2E0}.Release|Any CPU.ActiveCfg = Release|Any CPU
		{A57CEF19-66D7-9E89-24A7-C3D767DBA2E0}.Release|Any CPU.Build.0 = Release|Any CPU
		{DF35B8D0-66D2-53BA-D776-CCE23A8E8934}.Debug|Any CPU.ActiveCfg = Debug|Any CPU
		{DF35B8D0-66D2-53BA-D776-CCE23A8E8934}.Debug|Any CPU.Build.0 = Debug|Any CPU
		{DF35B8D0-66D2-53BA-D776-CCE23A8E8934}.Release|Any CPU.ActiveCfg = Release|Any CPU
		{DF35B8D0-66D2-53BA-D776-CCE23A8E8934}.Release|Any CPU.Build.0 = Release|Any CPU
		{053AE34B-EE71-17AE-A8CA-3BFF59E7DAAD}.Debug|Any CPU.ActiveCfg = Debug|Any CPU
		{053AE34B-EE71-17AE-A8CA-3BFF59E7DAAD}.Debug|Any CPU.Build.0 = Debug|Any CPU
		{053AE34B-EE71-17AE-A8CA-3BFF59E7DAAD}.Release|Any CPU.ActiveCfg = Release|Any CPU
		{053AE34B-EE71-17AE-A8CA-3BFF59E7DAAD}.Release|Any CPU.Build.0 = Release|Any CPU
		{37FCA0A1-35DD-816B-F6BF-34060112CDC7}.Debug|Any CPU.ActiveCfg = Debug|Any CPU
		{37FCA0A1-35DD-816B-F6BF-34060112CDC7}.Debug|Any CPU.Build.0 = Debug|Any CPU
		{37FCA0A1-35DD-816B-F6BF-34060112CDC7}.Release|Any CPU.ActiveCfg = Release|Any CPU
		{37FCA0A1-35DD-816B-F6BF-34060112CDC7}.Release|Any CPU.Build.0 = Release|Any CPU
		{65EA4A88-0D47-45C0-610B-24CEDEF4B8FA}.Debug|Any CPU.ActiveCfg = Debug|Any CPU
		{65EA4A88-0D47-45C0-610B-24CEDEF4B8FA}.Debug|Any CPU.Build.0 = Debug|Any CPU
		{65EA4A88-0D47-45C0-610B-24CEDEF4B8FA}.Release|Any CPU.ActiveCfg = Release|Any CPU
		{65EA4A88-0D47-45C0-610B-24CEDEF4B8FA}.Release|Any CPU.Build.0 = Release|Any CPU
		{7C0796F8-FD3D-EEAE-760D-F3E6118C3BCE}.Debug|Any CPU.ActiveCfg = Debug|Any CPU
		{7C0796F8-FD3D-EEAE-760D-F3E6118C3BCE}.Debug|Any CPU.Build.0 = Debug|Any CPU
		{7C0796F8-FD3D-EEAE-760D-F3E6118C3BCE}.Release|Any CPU.ActiveCfg = Release|Any CPU
		{7C0796F8-FD3D-EEAE-760D-F3E6118C3BCE}.Release|Any CPU.Build.0 = Release|Any CPU
		{BAAB3495-DCF9-CFE0-3CE6-5CDF89B932D4}.Debug|Any CPU.ActiveCfg = Debug|Any CPU
		{BAAB3495-DCF9-CFE0-3CE6-5CDF89B932D4}.Debug|Any CPU.Build.0 = Debug|Any CPU
		{BAAB3495-DCF9-CFE0-3CE6-5CDF89B932D4}.Release|Any CPU.ActiveCfg = Release|Any CPU
		{BAAB3495-DCF9-CFE0-3CE6-5CDF89B932D4}.Release|Any CPU.Build.0 = Release|Any CPU
		{A7A8A59C-7ED0-892D-495D-F6DC74A07A51}.Debug|Any CPU.ActiveCfg = Debug|Any CPU
		{A7A8A59C-7ED0-892D-495D-F6DC74A07A51}.Debug|Any CPU.Build.0 = Debug|Any CPU
		{A7A8A59C-7ED0-892D-495D-F6DC74A07A51}.Release|Any CPU.ActiveCfg = Release|Any CPU
		{A7A8A59C-7ED0-892D-495D-F6DC74A07A51}.Release|Any CPU.Build.0 = Release|Any CPU
		{949CB907-08D6-4526-6923-13FBF1E0FFAE}.Debug|Any CPU.ActiveCfg = Debug|Any CPU
		{949CB907-08D6-4526-6923-13FBF1E0FFAE}.Debug|Any CPU.Build.0 = Debug|Any CPU
		{949CB907-08D6-4526-6923-13FBF1E0FFAE}.Release|Any CPU.ActiveCfg = Release|Any CPU
		{949CB907-08D6-4526-6923-13FBF1E0FFAE}.Release|Any CPU.Build.0 = Release|Any CPU
		{0B725203-3F39-28D9-0F2B-315A284DB876}.Debug|Any CPU.ActiveCfg = Debug|Any CPU
		{0B725203-3F39-28D9-0F2B-315A284DB876}.Debug|Any CPU.Build.0 = Debug|Any CPU
		{0B725203-3F39-28D9-0F2B-315A284DB876}.Release|Any CPU.ActiveCfg = Release|Any CPU
		{0B725203-3F39-28D9-0F2B-315A284DB876}.Release|Any CPU.Build.0 = Release|Any CPU
	EndGlobalSection
	GlobalSection(SolutionProperties) = preSolution
		HideSolutionNode = FALSE
	EndGlobalSection
EndGlobal
